
Microsoft Visual Studio Solution File, Format Version 12.00
# Visual Studio Version 16
VisualStudioVersion = 16.0.30503.244
MinimumVisualStudioVersion = 10.0.40219.1
Project("{FAE04EC0-301F-11D3-BF4B-00C04F79EFBC}") = "Practica4e1", "Practica4e1\Practica4e1.csproj", "{4E23B998-10AC-4531-8149-E9D901978DE3}"
EndProject
Project("{FAE04EC0-301F-11D3-BF4B-00C04F79EFBC}") = "Practica4e2", "Practica4e2\Practica4e2.csproj", "{0768B825-533C-4EED-917E-58528DFAA8FD}"
EndProject
Project("{FAE04EC0-301F-11D3-BF4B-00C04F79EFBC}") = "Practica4e3", "Practica4e3\Practica4e3.csproj", "{92FE3608-4CB5-4584-9FED-969583D3EE8F}"
EndProject
Project("{FAE04EC0-301F-11D3-BF4B-00C04F79EFBC}") = "Practica4e4", "Practica4e4\Practica4e4.csproj", "{FE35BF28-5161-4AB8-ACF6-20126AFF7C55}"
EndProject
Project("{FAE04EC0-301F-11D3-BF4B-00C04F79EFBC}") = "Practica4e5", "Practica4e5\Practica4e5.csproj", "{B3FCBA48-E3E8-421C-9D14-07FD8C030C99}"
EndProject
Global
	GlobalSection(SolutionConfigurationPlatforms) = preSolution
		Debug|Any CPU = Debug|Any CPU
		Release|Any CPU = Release|Any CPU
	EndGlobalSection
	GlobalSection(ProjectConfigurationPlatforms) = postSolution
		{4E23B998-10AC-4531-8149-E9D901978DE3}.Debug|Any CPU.ActiveCfg = Debug|Any CPU
		{4E23B998-10AC-4531-8149-E9D901978DE3}.Debug|Any CPU.Build.0 = Debug|Any CPU
		{4E23B998-10AC-4531-8149-E9D901978DE3}.Release|Any CPU.ActiveCfg = Release|Any CPU
		{4E23B998-10AC-4531-8149-E9D901978DE3}.Release|Any CPU.Build.0 = Release|Any CPU
		{0768B825-533C-4EED-917E-58528DFAA8FD}.Debug|Any CPU.ActiveCfg = Debug|Any CPU
		{0768B825-533C-4EED-917E-58528DFAA8FD}.Debug|Any CPU.Build.0 = Debug|Any CPU
		{0768B825-533C-4EED-917E-58528DFAA8FD}.Release|Any CPU.ActiveCfg = Release|Any CPU
		{0768B825-533C-4EED-917E-58528DFAA8FD}.Release|Any CPU.Build.0 = Release|Any CPU
		{92FE3608-4CB5-4584-9FED-969583D3EE8F}.Debug|Any CPU.ActiveCfg = Debug|Any CPU
		{92FE3608-4CB5-4584-9FED-969583D3EE8F}.Debug|Any CPU.Build.0 = Debug|Any CPU
		{92FE3608-4CB5-4584-9FED-969583D3EE8F}.Release|Any CPU.ActiveCfg = Release|Any CPU
		{92FE3608-4CB5-4584-9FED-969583D3EE8F}.Release|Any CPU.Build.0 = Release|Any CPU
		{FE35BF28-5161-4AB8-ACF6-20126AFF7C55}.Debug|Any CPU.ActiveCfg = Debug|Any CPU
		{FE35BF28-5161-4AB8-ACF6-20126AFF7C55}.Debug|Any CPU.Build.0 = Debug|Any CPU
		{FE35BF28-5161-4AB8-ACF6-20126AFF7C55}.Release|Any CPU.ActiveCfg = Release|Any CPU
		{FE35BF28-5161-4AB8-ACF6-20126AFF7C55}.Release|Any CPU.Build.0 = Release|Any CPU
		{B3FCBA48-E3E8-421C-9D14-07FD8C030C99}.Debug|Any CPU.ActiveCfg = Debug|Any CPU
		{B3FCBA48-E3E8-421C-9D14-07FD8C030C99}.Debug|Any CPU.Build.0 = Debug|Any CPU
		{B3FCBA48-E3E8-421C-9D14-07FD8C030C99}.Release|Any CPU.ActiveCfg = Release|Any CPU
		{B3FCBA48-E3E8-421C-9D14-07FD8C030C99}.Release|Any CPU.Build.0 = Release|Any CPU
	EndGlobalSection
	GlobalSection(SolutionProperties) = preSolution
		HideSolutionNode = FALSE
	EndGlobalSection
	GlobalSection(ExtensibilityGlobals) = postSolution
		SolutionGuid = {CD62B762-5ABB-4169-9731-8733F9263ED8}
	EndGlobalSection
EndGlobal
